{
  "nodes": {
    "addins": {
      "inputs": {
        "nixpkgs": [
          "nixpkgs"
        ],
        "nvfetcher": "nvfetcher"
      },
      "locked": {
        "lastModified": 1658327343,
        "narHash": "sha256-vbcVh3RrU0MRoqT0g519ARANGrgY/IKduAdEbndafu4=",
        "ref": "refs/heads/main",
        "rev": "69a541b47c4efcf4d77c007e44c20c74c9c7a5f3",
        "revCount": 68,
        "type": "git",
        "url": "https://codeberg.org/Nokogiri/nix-pkgs.git"
      },
      "original": {
        "type": "git",
        "url": "https://codeberg.org/Nokogiri/nix-pkgs.git"
      }
    },
    "emacs-overlay": {
      "inputs": {
        "flake-utils": "flake-utils_2",
        "nixpkgs": "nixpkgs"
      },
      "locked": {
        "lastModified": 1658375000,
        "narHash": "sha256-rnu1yFa6VXeTOYNogw758rxBnKsv1gocl6talaaQghU=",
        "owner": "nix-community",
        "repo": "emacs-overlay",
        "rev": "46ffe03d0ac9f371501fd0030d7ca434c856c0c4",
        "type": "github"
      },
      "original": {
        "owner": "nix-community",
        "repo": "emacs-overlay",
        "rev": "46ffe03d0ac9f371501fd0030d7ca434c856c0c4",
        "type": "github"
      }
    },
    "flake-compat": {
      "flake": false,
      "locked": {
        "lastModified": 1648199409,
        "narHash": "sha256-JwPKdC2PoVBkG6E+eWw3j6BMR6sL3COpYWfif7RVb8Y=",
        "owner": "edolstra",
        "repo": "flake-compat",
        "rev": "64a525ee38886ab9028e6f61790de0832aa3ef03",
        "type": "github"
      },
      "original": {
        "owner": "edolstra",
        "repo": "flake-compat",
        "type": "github"
      }
    },
    "flake-utils": {
      "locked": {
        "lastModified": 1649676176,
        "narHash": "sha256-OWKJratjt2RW151VUlJPRALb7OU2S5s+f0vLj4o1bHM=",
        "owner": "numtide",
        "repo": "flake-utils",
        "rev": "a4b154ebbdc88c8498a5c7b01589addc9e9cb678",
        "type": "github"
      },
      "original": {
        "owner": "numtide",
        "repo": "flake-utils",
        "type": "github"
      }
    },
    "flake-utils_2": {
      "locked": {
        "lastModified": 1656928814,
        "narHash": "sha256-RIFfgBuKz6Hp89yRr7+NR5tzIAbn52h8vT6vXkYjZoM=",
        "owner": "numtide",
        "repo": "flake-utils",
        "rev": "7e2a3b3dfd9af950a856d66b0a7d01e3c18aa249",
        "type": "github"
      },
      "original": {
        "owner": "numtide",
        "repo": "flake-utils",
        "type": "github"
      }
    },
    "flake-utils_3": {
      "locked": {
        "lastModified": 1656928814,
        "narHash": "sha256-RIFfgBuKz6Hp89yRr7+NR5tzIAbn52h8vT6vXkYjZoM=",
        "owner": "numtide",
        "repo": "flake-utils",
        "rev": "7e2a3b3dfd9af950a856d66b0a7d01e3c18aa249",
        "type": "github"
      },
      "original": {
        "owner": "numtide",
        "repo": "flake-utils",
        "type": "github"
      }
    },
    "home-manager": {
      "inputs": {
        "nixpkgs": [
          "nixpkgs"
        ],
        "utils": "utils"
      },
      "locked": {
        "lastModified": 1658238241,
        "narHash": "sha256-naoSta79MYYRtVnIZhzq+YWgTOBhWE1Sr1AIhG7ZA9g=",
        "owner": "nix-community",
        "repo": "home-manager",
        "rev": "70d5929885ccec8dde8585894dd3ebe606e75f41",
        "type": "github"
      },
      "original": {
        "owner": "nix-community",
        "ref": "master",
        "repo": "home-manager",
        "type": "github"
      }
    },
    "hyprland": {
      "inputs": {
        "nixpkgs": [
          "nixpkgs"
        ],
        "wlroots": "wlroots"
      },
      "locked": {
        "lastModified": 1658489659,
        "narHash": "sha256-fh3c3LtrutPnkasI4kVIHmsJpkefks6A53PfrrlRXoM=",
        "owner": "hyprwm",
        "repo": "Hyprland",
        "rev": "616ec22735659ab26169c65f20ee1b174cd84e34",
        "type": "github"
      },
      "original": {
        "owner": "hyprwm",
        "repo": "Hyprland",
        "type": "github"
      }
    },
    "nix-minecraft": {
      "inputs": {
        "flake-utils": "flake-utils_3",
        "nixpkgs": "nixpkgs_2",
        "packwiz": "packwiz"
      },
      "locked": {
        "lastModified": 1658248648,
        "narHash": "sha256-oMweF+QvemSEaecd7vv+k3FNsLVnJn1+FtMX/SeSB9o=",
        "owner": "Infinidoge",
        "repo": "nix-minecraft",
        "rev": "8fd0e600fdb1a8fa001d7f256ff5b3d50c081940",
        "type": "github"
      },
      "original": {
        "owner": "Infinidoge",
        "repo": "nix-minecraft",
        "type": "github"
      }
    },
    "nixpkgs": {
      "locked": {
        "lastModified": 1658430343,
        "narHash": "sha256-cZ7dw+dyHELMnnMQvCE9HTJ4liqwpsIt2VFbnC+GNNk=",
        "owner": "NixOS",
        "repo": "nixpkgs",
        "rev": "e2b34f0f11ed8ad83d9ec9c14260192c3bcccb0d",
        "type": "github"
      },
      "original": {
        "id": "nixpkgs",
        "type": "indirect"
      }
    },
    "nixpkgs-22_05": {
      "locked": {
        "lastModified": 1658029355,
        "narHash": "sha256-VJcYmkYfzwHrZ76SMH6y9KqoVFOPgZiJgh1rK9cF2mw=",
        "owner": "NixOS",
        "repo": "nixpkgs",
        "rev": "4e329926df7ee5fa49929a83d31ee7d541f8b45c",
        "type": "github"
      },
      "original": {
        "owner": "NixOS",
        "ref": "release-22.05",
        "repo": "nixpkgs",
        "type": "github"
      }
    },
    "nixpkgs_2": {
      "locked": {
        "lastModified": 1650161686,
        "narHash": "sha256-70ZWAlOQ9nAZ08OU6WY7n4Ij2kOO199dLfNlvO/+pf8=",
        "owner": "nixos",
        "repo": "nixpkgs",
        "rev": "1ffba9f2f683063c2b14c9f4d12c55ad5f4ed887",
        "type": "github"
      },
      "original": {
        "owner": "nixos",
        "ref": "nixos-unstable",
        "repo": "nixpkgs",
        "type": "github"
      }
    },
    "nixpkgs_3": {
      "locked": {
        "lastModified": 1658380158,
        "narHash": "sha256-DBunkegKWlxPZiOcw3/SNIFg93amkdGIy2g0y/jDpHg=",
        "owner": "NixOS",
        "repo": "nixpkgs",
        "rev": "a65b5b3f5504b8b89c196aba733bdf2b0bd13c16",
        "type": "github"
      },
      "original": {
        "owner": "NixOS",
        "ref": "nixos-unstable",
        "repo": "nixpkgs",
        "type": "github"
      }
    },
    "nur": {
      "locked": {
        "lastModified": 1658488083,
        "narHash": "sha256-N2fzuBC4W1rzArTtYjpdbmEISxA5IqMWAfI/fbcy2So=",
        "owner": "nix-community",
        "repo": "NUR",
        "rev": "71f57521fa95ccd44ffd723f380665ff59fbb287",
        "type": "github"
      },
      "original": {
        "owner": "nix-community",
        "repo": "NUR",
        "type": "github"
      }
    },
    "nvfetcher": {
      "inputs": {
        "flake-compat": "flake-compat",
        "flake-utils": "flake-utils",
        "nixpkgs": [
          "addins",
          "nixpkgs"
        ]
      },
      "locked": {
        "lastModified": 1654975372,
        "narHash": "sha256-wkNZ16akgKViuZzE/IM+bux4uaJ04KIwUeexH8gBjgw=",
        "owner": "berberman",
        "repo": "nvfetcher",
        "rev": "d4b237c10f14f72f8266b0f658faad822e491e55",
        "type": "github"
      },
      "original": {
        "owner": "berberman",
        "repo": "nvfetcher",
        "type": "github"
      }
    },
    "packwiz": {
      "flake": false,
      "locked": {
        "lastModified": 1655740746,
        "narHash": "sha256-3at3g5RhbH5dw643hXyseUk+aeiONpKFqP4WAFUc1Ps=",
        "owner": "packwiz",
        "repo": "packwiz",
        "rev": "0d8c1762a373f9da9b14cb4b8156082bbbe14de8",
        "type": "github"
      },
      "original": {
        "owner": "packwiz",
        "repo": "packwiz",
        "type": "github"
      }
    },
    "root": {
      "inputs": {
        "addins": "addins",
        "emacs-overlay": "emacs-overlay",
        "home-manager": "home-manager",
        "hyprland": "hyprland",
        "nix-minecraft": "nix-minecraft",
        "nixpkgs": "nixpkgs_3",
        "nur": "nur",
        "sops-nix": "sops-nix"
      }
    },
    "sops-nix": {
      "inputs": {
        "nixpkgs": [
          "nixpkgs"
        ],
        "nixpkgs-22_05": "nixpkgs-22_05"
      },
      "locked": {
        "lastModified": 1658398472,
        "narHash": "sha256-DjPJ3YQXyV1GRvF3ToBIY+RYdypwNxYchN1HIhDPLe0=",
        "owner": "Mic92",
        "repo": "sops-nix",
        "rev": "6efa719f8d02139ce41398b9e59e06888dc1305a",
        "type": "github"
      },
      "original": {
        "owner": "Mic92",
        "repo": "sops-nix",
        "type": "github"
      }
    },
    "utils": {
      "locked": {
        "lastModified": 1653893745,
        "narHash": "sha256-0jntwV3Z8//YwuOjzhV2sgJJPt+HY6KhU7VZUL0fKZQ=",
        "owner": "numtide",
        "repo": "flake-utils",
        "rev": "1ed9fb1935d260de5fe1c2f7ee0ebaae17ed2fa1",
        "type": "github"
      },
      "original": {
        "owner": "numtide",
        "repo": "flake-utils",
        "type": "github"
      }
    },
    "wlroots": {
      "flake": false,
      "locked": {
        "host": "gitlab.freedesktop.org",
        "lastModified": 1656865312,
        "narHash": "sha256-xtQ0zwJZwN8sciruveM10CzKz6TWxBY8SyXa8E4jly4=",
        "owner": "wlroots",
        "repo": "wlroots",
        "rev": "5dc1d4671dd2ca3c1f0f09587c463fdbb542f0a4",
        "type": "gitlab"
      },
      "original": {
        "host": "gitlab.freedesktop.org",
        "owner": "wlroots",
        "repo": "wlroots",
        "type": "gitlab"
      }
    }
  },
  "root": "root",
  "version": 7
}
