{
  "nodes": {
    "addins-overlay": {
      "inputs": {
        "nixpkgs": "nixpkgs",
        "nvfetcher": "nvfetcher"
      },
      "locked": {
        "lastModified": 1656267263,
        "narHash": "sha256-MaicFshYm9K5zs3O0rPbER0Cbp+8xtwJZroa8GkcYCA=",
        "ref": "refs/heads/main",
        "rev": "747aa9e0d9ae7fa1157fd9c1c5561cdc8bab70b8",
        "revCount": 18,
        "type": "git",
        "url": "https://git.sr.ht/~nokogiri/nix-addins"
      },
      "original": {
        "type": "git",
        "url": "https://git.sr.ht/~nokogiri/nix-addins"
      }
    },
    "blank": {
      "locked": {
        "lastModified": 1625557891,
        "narHash": "sha256-O8/MWsPBGhhyPoPLHZAuoZiiHo9q6FLlEeIDEXuj6T4=",
        "owner": "divnix",
        "repo": "blank",
        "rev": "5a5d2684073d9f563072ed07c871d577a6c614a8",
        "type": "github"
      },
      "original": {
        "owner": "divnix",
        "repo": "blank",
        "type": "github"
      }
    },
    "deploy": {
      "inputs": {
        "flake-compat": "flake-compat_2",
        "nixpkgs": [
          "nix-minecraft",
          "digga",
          "latest"
        ],
        "utils": "utils_2"
      },
      "locked": {
        "lastModified": 1632822684,
        "narHash": "sha256-lt7eayYmgsD5OQwpb1XYfHpxttn43bWo7G7hIJs+zJw=",
        "owner": "serokell",
        "repo": "deploy-rs",
        "rev": "9a02de4373e0ec272d08a417b269a28ac8b961b4",
        "type": "github"
      },
      "original": {
        "owner": "serokell",
        "repo": "deploy-rs",
        "type": "github"
      }
    },
    "devshell": {
      "locked": {
        "lastModified": 1637575296,
        "narHash": "sha256-ZY8YR5u8aglZPe27+AJMnPTG6645WuavB+w0xmhTarw=",
        "owner": "numtide",
        "repo": "devshell",
        "rev": "0e56ef21ba1a717169953122c7415fa6a8cd2618",
        "type": "github"
      },
      "original": {
        "owner": "numtide",
        "repo": "devshell",
        "type": "github"
      }
    },
    "digga": {
      "inputs": {
        "blank": "blank",
        "deploy": "deploy",
        "devshell": "devshell",
        "flake-compat": "flake-compat_3",
        "flake-utils-plus": "flake-utils-plus",
        "home-manager": "home-manager_2",
        "latest": "latest",
        "nixlib": [
          "nix-minecraft",
          "nixpkgs"
        ],
        "nixpkgs": [
          "nix-minecraft",
          "nixpkgs"
        ]
      },
      "locked": {
        "lastModified": 1649221292,
        "narHash": "sha256-HIvIL/rcMeKzS18MKj9XpN+6qiHS94VtdqMRTvdz7MQ=",
        "owner": "divnix",
        "repo": "digga",
        "rev": "e2bb8ea28c5bbc7bb46ac91df3ac846ce9a3964c",
        "type": "github"
      },
      "original": {
        "owner": "divnix",
        "repo": "digga",
        "type": "github"
      }
    },
    "emacs-overlay": {
      "inputs": {
        "flake-utils": "flake-utils_2",
        "nixpkgs": "nixpkgs_2"
      },
      "locked": {
        "lastModified": 1656843353,
        "narHash": "sha256-tIbbKYUh84tV1CL0+gOna6CFRPpaYgorcVnMureqU2g=",
        "owner": "nix-community",
        "repo": "emacs-overlay",
        "rev": "dc48cd35bdf435d31e4ee6f488ba868b1a07bac5",
        "type": "github"
      },
      "original": {
        "owner": "nix-community",
        "repo": "emacs-overlay",
        "type": "github"
      }
    },
    "flake-compat": {
      "flake": false,
      "locked": {
        "lastModified": 1648199409,
        "narHash": "sha256-JwPKdC2PoVBkG6E+eWw3j6BMR6sL3COpYWfif7RVb8Y=",
        "owner": "edolstra",
        "repo": "flake-compat",
        "rev": "64a525ee38886ab9028e6f61790de0832aa3ef03",
        "type": "github"
      },
      "original": {
        "owner": "edolstra",
        "repo": "flake-compat",
        "type": "github"
      }
    },
    "flake-compat_2": {
      "flake": false,
      "locked": {
        "lastModified": 1627913399,
        "narHash": "sha256-hY8g6H2KFL8ownSiFeMOjwPC8P0ueXpCVEbxgda3pko=",
        "owner": "edolstra",
        "repo": "flake-compat",
        "rev": "12c64ca55c1014cdc1b16ed5a804aa8576601ff2",
        "type": "github"
      },
      "original": {
        "owner": "edolstra",
        "repo": "flake-compat",
        "type": "github"
      }
    },
    "flake-compat_3": {
      "flake": false,
      "locked": {
        "lastModified": 1641205782,
        "narHash": "sha256-4jY7RCWUoZ9cKD8co0/4tFARpWB+57+r1bLLvXNJliY=",
        "owner": "edolstra",
        "repo": "flake-compat",
        "rev": "b7547d3eed6f32d06102ead8991ec52ab0a4f1a7",
        "type": "github"
      },
      "original": {
        "owner": "edolstra",
        "repo": "flake-compat",
        "type": "github"
      }
    },
    "flake-utils": {
      "locked": {
        "lastModified": 1649676176,
        "narHash": "sha256-OWKJratjt2RW151VUlJPRALb7OU2S5s+f0vLj4o1bHM=",
        "owner": "numtide",
        "repo": "flake-utils",
        "rev": "a4b154ebbdc88c8498a5c7b01589addc9e9cb678",
        "type": "github"
      },
      "original": {
        "owner": "numtide",
        "repo": "flake-utils",
        "type": "github"
      }
    },
    "flake-utils-plus": {
      "inputs": {
        "flake-utils": "flake-utils_5"
      },
      "locked": {
        "lastModified": 1639385028,
        "narHash": "sha256-oqorKz3mwf7UuDJwlbCEYCB2LfcWLL0DkeCWhRIL820=",
        "owner": "gytis-ivaskevicius",
        "repo": "flake-utils-plus",
        "rev": "be1be083af014720c14f3b574f57b6173b4915d0",
        "type": "github"
      },
      "original": {
        "owner": "gytis-ivaskevicius",
        "repo": "flake-utils-plus",
        "type": "github"
      }
    },
    "flake-utils_2": {
      "locked": {
        "lastModified": 1656065134,
        "narHash": "sha256-oc6E6ByIw3oJaIyc67maaFcnjYOz1mMcOtHxbEf9NwQ=",
        "owner": "numtide",
        "repo": "flake-utils",
        "rev": "bee6a7250dd1b01844a2de7e02e4df7d8a0a206c",
        "type": "github"
      },
      "original": {
        "owner": "numtide",
        "repo": "flake-utils",
        "type": "github"
      }
    },
    "flake-utils_3": {
      "locked": {
        "lastModified": 1644229661,
        "narHash": "sha256-1YdnJAsNy69bpcjuoKdOYQX0YxZBiCYZo4Twxerqv7k=",
        "owner": "numtide",
        "repo": "flake-utils",
        "rev": "3cecb5b042f7f209c56ffd8371b2711a290ec797",
        "type": "github"
      },
      "original": {
        "owner": "numtide",
        "repo": "flake-utils",
        "type": "github"
      }
    },
    "flake-utils_4": {
      "locked": {
        "lastModified": 1644229661,
        "narHash": "sha256-1YdnJAsNy69bpcjuoKdOYQX0YxZBiCYZo4Twxerqv7k=",
        "owner": "numtide",
        "repo": "flake-utils",
        "rev": "3cecb5b042f7f209c56ffd8371b2711a290ec797",
        "type": "github"
      },
      "original": {
        "owner": "numtide",
        "repo": "flake-utils",
        "type": "github"
      }
    },
    "flake-utils_5": {
      "locked": {
        "lastModified": 1638122382,
        "narHash": "sha256-sQzZzAbvKEqN9s0bzWuYmRaA03v40gaJ4+iL1LXjaeI=",
        "owner": "numtide",
        "repo": "flake-utils",
        "rev": "74f7e4319258e287b0f9cb95426c9853b282730b",
        "type": "github"
      },
      "original": {
        "owner": "numtide",
        "repo": "flake-utils",
        "type": "github"
      }
    },
    "flake-utils_6": {
      "locked": {
        "lastModified": 1649676176,
        "narHash": "sha256-OWKJratjt2RW151VUlJPRALb7OU2S5s+f0vLj4o1bHM=",
        "owner": "numtide",
        "repo": "flake-utils",
        "rev": "a4b154ebbdc88c8498a5c7b01589addc9e9cb678",
        "type": "github"
      },
      "original": {
        "owner": "numtide",
        "repo": "flake-utils",
        "type": "github"
      }
    },
    "flake-utils_7": {
      "locked": {
        "lastModified": 1644229661,
        "narHash": "sha256-1YdnJAsNy69bpcjuoKdOYQX0YxZBiCYZo4Twxerqv7k=",
        "owner": "numtide",
        "repo": "flake-utils",
        "rev": "3cecb5b042f7f209c56ffd8371b2711a290ec797",
        "type": "github"
      },
      "original": {
        "owner": "numtide",
        "repo": "flake-utils",
        "type": "github"
      }
    },
    "home-manager": {
      "inputs": {
        "nixpkgs": [
          "nixpkgs"
        ],
        "utils": "utils"
      },
      "locked": {
        "lastModified": 1656367977,
        "narHash": "sha256-0hV17V9Up9pnAtPJ+787FhrsPnawxoTPA/VxgjRMrjc=",
        "owner": "nix-community",
        "repo": "home-manager",
        "rev": "3bf16c0fd141c28312be52945d1543f9ce557bb1",
        "type": "github"
      },
      "original": {
        "owner": "nix-community",
        "ref": "master",
        "repo": "home-manager",
        "type": "github"
      }
    },
    "home-manager_2": {
      "inputs": {
        "nixpkgs": [
          "nix-minecraft",
          "digga",
          "nixlib"
        ]
      },
      "locked": {
        "lastModified": 1637917557,
        "narHash": "sha256-3u5bLyGn5NUG3RJA7/v1Bqa/QCFGqp/01Bh/4REf9m4=",
        "owner": "nix-community",
        "repo": "home-manager",
        "rev": "4daff26495ca9ac67476cba8cf15c3e36d91ab18",
        "type": "github"
      },
      "original": {
        "owner": "nix-community",
        "ref": "release-21.11",
        "repo": "home-manager",
        "type": "github"
      }
    },
    "hyprland": {
      "inputs": {
        "nixpkgs": [
          "nixpkgs"
        ],
        "wlroots": "wlroots"
      },
      "locked": {
        "lastModified": 1656793037,
        "narHash": "sha256-e3hSaFqeO4FM0/rEjpC/19S3pPlN21ApA9PNluCchuc=",
        "owner": "vaxerski",
        "repo": "Hyprland",
        "rev": "e81de827062958d94d6e2f1e0abc10d39b29e0c4",
        "type": "github"
      },
      "original": {
        "owner": "vaxerski",
        "repo": "Hyprland",
        "type": "github"
      }
    },
    "latest": {
      "locked": {
        "lastModified": 1638198142,
        "narHash": "sha256-plU9b8r4St6q4U7VHtG9V7oF8k9fIpfXl/KDaZLuY9k=",
        "owner": "nixos",
        "repo": "nixpkgs",
        "rev": "8a308775674e178495767df90c419425474582a1",
        "type": "github"
      },
      "original": {
        "owner": "nixos",
        "ref": "nixos-unstable",
        "repo": "nixpkgs",
        "type": "github"
      }
    },
    "newmpkg": {
      "inputs": {
        "flake-utils": "flake-utils_3",
        "nixpkgs": [
          "nixpkgs"
        ],
        "pywmpkg": "pywmpkg"
      },
      "locked": {
        "lastModified": 1656439679,
        "narHash": "sha256-Wp7VangJaO2YcQzzFfpjk7oe7NSS6pKVfnCOinB5MLY=",
        "owner": "jbuchermn",
        "repo": "newm",
        "rev": "1bb544cd8474fb744de06c971d173784916aa2ba",
        "type": "github"
      },
      "original": {
        "owner": "jbuchermn",
        "repo": "newm",
        "type": "github"
      }
    },
    "nix-minecraft": {
      "inputs": {
        "digga": "digga",
        "nixpkgs": "nixpkgs_3",
        "packwiz": "packwiz"
      },
      "locked": {
        "lastModified": 1656656785,
        "narHash": "sha256-kTud+QZxf8GKJWBe89poUDySUBZW2FYcsS3vTjW5JvI=",
        "owner": "Infinidoge",
        "repo": "nix-minecraft",
        "rev": "be4414759c251a5db1e7c6618c4c913fca374f5e",
        "type": "github"
      },
      "original": {
        "owner": "Infinidoge",
        "repo": "nix-minecraft",
        "type": "github"
      }
    },
    "nixpkgs": {
      "locked": {
        "lastModified": 1655895887,
        "narHash": "sha256-AbihSVmPKFcQmaVgzNSLQ8sLAaVTTELPSzZ+/gRVfyk=",
        "owner": "NixOS",
        "repo": "nixpkgs",
        "rev": "e1e08fe28bf0588a41cd556eac40b98d2793da99",
        "type": "github"
      },
      "original": {
        "owner": "NixOS",
        "ref": "nixos-unstable",
        "repo": "nixpkgs",
        "type": "github"
      }
    },
    "nixpkgs-21_11": {
      "locked": {
        "lastModified": 1656782578,
        "narHash": "sha256-1eMCBEqJplPotTo/SZ/t5HU6Sf2I8qKlZi9MX7jv9fw=",
        "owner": "NixOS",
        "repo": "nixpkgs",
        "rev": "573603b7fdb9feb0eb8efc16ee18a015c667ab1b",
        "type": "github"
      },
      "original": {
        "owner": "NixOS",
        "ref": "release-21.11",
        "repo": "nixpkgs",
        "type": "github"
      }
    },
    "nixpkgs-22_05": {
      "locked": {
        "lastModified": 1656782561,
        "narHash": "sha256-sZVLNNKIcELllTHqydsckz8HBfVqxeAt51acaaQWLCw=",
        "owner": "NixOS",
        "repo": "nixpkgs",
        "rev": "18038cee44aa0c3c99a2319c3c1c4d16d6612d81",
        "type": "github"
      },
      "original": {
        "owner": "NixOS",
        "ref": "release-22.05",
        "repo": "nixpkgs",
        "type": "github"
      }
    },
    "nixpkgs_2": {
      "locked": {
        "lastModified": 1656755932,
        "narHash": "sha256-TGThfOxr+HjFK464+UoUE6rClp2cwxjiKvHcBVdIGSQ=",
        "owner": "NixOS",
        "repo": "nixpkgs",
        "rev": "660ac43ff9ab1f12e28bfb31d4719795777fe152",
        "type": "github"
      },
      "original": {
        "id": "nixpkgs",
        "type": "indirect"
      }
    },
    "nixpkgs_3": {
      "locked": {
        "lastModified": 1650161686,
        "narHash": "sha256-70ZWAlOQ9nAZ08OU6WY7n4Ij2kOO199dLfNlvO/+pf8=",
        "owner": "nixos",
        "repo": "nixpkgs",
        "rev": "1ffba9f2f683063c2b14c9f4d12c55ad5f4ed887",
        "type": "github"
      },
      "original": {
        "owner": "nixos",
        "ref": "nixos-unstable",
        "repo": "nixpkgs",
        "type": "github"
      }
    },
    "nixpkgs_4": {
      "locked": {
        "lastModified": 1656753965,
        "narHash": "sha256-BCrB3l0qpJokOnIVc3g2lHiGhnjUi0MoXiw6t1o8H1E=",
        "owner": "NixOS",
        "repo": "nixpkgs",
        "rev": "0ea7a8f1b939d74e5df8af9a8f7342097cdf69eb",
        "type": "github"
      },
      "original": {
        "owner": "NixOS",
        "ref": "nixos-unstable",
        "repo": "nixpkgs",
        "type": "github"
      }
    },
    "nvfetcher": {
      "inputs": {
        "flake-compat": "flake-compat",
        "flake-utils": "flake-utils",
        "nixpkgs": [
          "addins-overlay",
          "nixpkgs"
        ]
      },
      "locked": {
        "lastModified": 1654975372,
        "narHash": "sha256-wkNZ16akgKViuZzE/IM+bux4uaJ04KIwUeexH8gBjgw=",
        "owner": "berberman",
        "repo": "nvfetcher",
        "rev": "d4b237c10f14f72f8266b0f658faad822e491e55",
        "type": "github"
      },
      "original": {
        "owner": "berberman",
        "repo": "nvfetcher",
        "type": "github"
      }
    },
    "packwiz": {
      "flake": false,
      "locked": {
        "lastModified": 1655740746,
        "narHash": "sha256-3at3g5RhbH5dw643hXyseUk+aeiONpKFqP4WAFUc1Ps=",
        "owner": "packwiz",
        "repo": "packwiz",
        "rev": "0d8c1762a373f9da9b14cb4b8156082bbbe14de8",
        "type": "github"
      },
      "original": {
        "owner": "packwiz",
        "repo": "packwiz",
        "type": "github"
      }
    },
    "pywm": {
      "inputs": {
        "flake-utils": "flake-utils_7",
        "nixpkgs": [
          "pywm-fullscreenpkg",
          "nixpkgs"
        ]
      },
      "locked": {
        "lastModified": 1652256791,
        "narHash": "sha256-CX6vLdMK8y+2AyE+Cp/NReZVX5IhZVf8ELuTGNqZ47E=",
        "owner": "jbuchermn",
        "repo": "pywm",
        "rev": "0262c0b5e0c6c1fdd914e32bcd1df815f258d74a",
        "type": "github"
      },
      "original": {
        "owner": "jbuchermn",
        "repo": "pywm",
        "type": "github"
      }
    },
    "pywm-fullscreenpkg": {
      "inputs": {
        "flake-utils": "flake-utils_6",
        "nixpkgs": [
          "nixpkgs"
        ],
        "pywm": "pywm"
      },
      "locked": {
        "lastModified": 1652261638,
        "narHash": "sha256-Twx5RAk7T4X/V4CCny4jHbWWOepd7HjjrIyw5d/w7l4=",
        "owner": "jbuchermn",
        "repo": "pywm-fullscreen",
        "rev": "0d66d37ce476639472a0b6bd91db05fc8ac34ef0",
        "type": "github"
      },
      "original": {
        "owner": "jbuchermn",
        "repo": "pywm-fullscreen",
        "type": "github"
      }
    },
    "pywmpkg": {
      "inputs": {
        "flake-utils": "flake-utils_4",
        "nixpkgs": [
          "newmpkg",
          "nixpkgs"
        ]
      },
      "locked": {
        "lastModified": 1652256791,
        "narHash": "sha256-CX6vLdMK8y+2AyE+Cp/NReZVX5IhZVf8ELuTGNqZ47E=",
        "owner": "jbuchermn",
        "repo": "pywm",
        "rev": "0262c0b5e0c6c1fdd914e32bcd1df815f258d74a",
        "type": "github"
      },
      "original": {
        "owner": "jbuchermn",
        "repo": "pywm",
        "type": "github"
      }
    },
    "root": {
      "inputs": {
        "addins-overlay": "addins-overlay",
        "emacs-overlay": "emacs-overlay",
        "home-manager": "home-manager",
        "hyprland": "hyprland",
        "newmpkg": "newmpkg",
        "nix-minecraft": "nix-minecraft",
        "nixpkgs": "nixpkgs_4",
        "pywm-fullscreenpkg": "pywm-fullscreenpkg",
        "sops-nix": "sops-nix"
      }
    },
    "sops-nix": {
      "inputs": {
        "nixpkgs": [
          "nixpkgs"
        ],
        "nixpkgs-21_11": "nixpkgs-21_11",
        "nixpkgs-22_05": "nixpkgs-22_05"
      },
      "locked": {
        "lastModified": 1656820546,
        "narHash": "sha256-g+1URmRH75RDAzVUtVb4Ls7X8n1iocAGULtSE7JUdwU=",
        "owner": "Mic92",
        "repo": "sops-nix",
        "rev": "85907ae7384477e447499f6e942d822d6f2998d8",
        "type": "github"
      },
      "original": {
        "owner": "Mic92",
        "repo": "sops-nix",
        "type": "github"
      }
    },
    "utils": {
      "locked": {
        "lastModified": 1653893745,
        "narHash": "sha256-0jntwV3Z8//YwuOjzhV2sgJJPt+HY6KhU7VZUL0fKZQ=",
        "owner": "numtide",
        "repo": "flake-utils",
        "rev": "1ed9fb1935d260de5fe1c2f7ee0ebaae17ed2fa1",
        "type": "github"
      },
      "original": {
        "owner": "numtide",
        "repo": "flake-utils",
        "type": "github"
      }
    },
    "utils_2": {
      "locked": {
        "lastModified": 1638122382,
        "narHash": "sha256-sQzZzAbvKEqN9s0bzWuYmRaA03v40gaJ4+iL1LXjaeI=",
        "owner": "numtide",
        "repo": "flake-utils",
        "rev": "74f7e4319258e287b0f9cb95426c9853b282730b",
        "type": "github"
      },
      "original": {
        "owner": "numtide",
        "repo": "flake-utils",
        "type": "github"
      }
    },
    "wlroots": {
      "flake": false,
      "locked": {
        "host": "gitlab.freedesktop.org",
        "lastModified": 1655824477,
        "narHash": "sha256-1kskHOLsnisR3kqIL5IHrQbQG/4xoXxeEf1ExMV6/RU=",
        "owner": "wlroots",
        "repo": "wlroots",
        "rev": "5c4384a1330faedf975c8b8644881d50390f3613",
        "type": "gitlab"
      },
      "original": {
        "host": "gitlab.freedesktop.org",
        "owner": "wlroots",
        "repo": "wlroots",
        "type": "gitlab"
      }
    }
  },
  "root": "root",
  "version": 7
}
